
Microsoft Visual Studio Solution File, Format Version 12.00
# Visual Studio Version 16
VisualStudioVersion = 16.0.30114.105
MinimumVisualStudioVersion = 10.0.40219.1
Project("{2150E333-8FDC-42A3-9474-1A3956D46DE8}") = "src", "src", "{0DFBD73B-A3D7-43E4-92A8-6C5C304C57B3}"
EndProject
Project("{2150E333-8FDC-42A3-9474-1A3956D46DE8}") = "Core", "Core", "{69A0BD61-28B8-4920-AB5E-1D10D44DF85B}"
EndProject
Project("{2150E333-8FDC-42A3-9474-1A3956D46DE8}") = "Infrastructure", "Infrastructure", "{D49B4A1C-A859-4CFC-B303-D5A9E452CA17}"
EndProject
Project("{2150E333-8FDC-42A3-9474-1A3956D46DE8}") = "Test", "Test", "{59904D6D-78EE-4EC7-8499-D55F7C710AD2}"
EndProject
Project("{2150E333-8FDC-42A3-9474-1A3956D46DE8}") = "Presentation", "Presentation", "{621E123A-97B5-40B4-B8DB-D79F5ECF9A7B}"
EndProject
Project("{FAE04EC0-301F-11D3-BF4B-00C04F79EFBC}") = "Domain", "Domain\Domain.csproj", "{DE17C49C-E43B-4259-A96A-F81A68342C17}"
EndProject
Project("{FAE04EC0-301F-11D3-BF4B-00C04F79EFBC}") = "Application", "Application\Application.csproj", "{D22C7C9D-6A5A-4DCE-B136-32D494DC7F7C}"
EndProject
Project("{FAE04EC0-301F-11D3-BF4B-00C04F79EFBC}") = "Persistence", "Persistence\Persistence.csproj", "{690BA6A2-7324-424A-990E-FF4ED4E97131}"
EndProject
Project("{FAE04EC0-301F-11D3-BF4B-00C04F79EFBC}") = "Infrastructure", "Infrastructure\Infrastructure.csproj", "{2B6314E6-FFDE-4432-97B2-A68C7E5FA4B8}"
EndProject
Project("{FAE04EC0-301F-11D3-BF4B-00C04F79EFBC}") = "WebApi", "WebApi\WebApi.csproj", "{E9931307-A625-4FA0-83BE-899BA2392417}"
EndProject
Global
	GlobalSection(SolutionConfigurationPlatforms) = preSolution
		Debug|Any CPU = Debug|Any CPU
		Release|Any CPU = Release|Any CPU
	EndGlobalSection
	GlobalSection(SolutionProperties) = preSolution
		HideSolutionNode = FALSE
	EndGlobalSection
	GlobalSection(NestedProjects) = preSolution
		{E9931307-A625-4FA0-83BE-899BA2392417} = {621E123A-97B5-40B4-B8DB-D79F5ECF9A7B}
		{2B6314E6-FFDE-4432-97B2-A68C7E5FA4B8} = {D49B4A1C-A859-4CFC-B303-D5A9E452CA17}
		{690BA6A2-7324-424A-990E-FF4ED4E97131} = {D49B4A1C-A859-4CFC-B303-D5A9E452CA17}
		{D22C7C9D-6A5A-4DCE-B136-32D494DC7F7C} = {69A0BD61-28B8-4920-AB5E-1D10D44DF85B}
		{DE17C49C-E43B-4259-A96A-F81A68342C17} = {69A0BD61-28B8-4920-AB5E-1D10D44DF85B}
		{621E123A-97B5-40B4-B8DB-D79F5ECF9A7B} = {0DFBD73B-A3D7-43E4-92A8-6C5C304C57B3}
		{59904D6D-78EE-4EC7-8499-D55F7C710AD2} = {0DFBD73B-A3D7-43E4-92A8-6C5C304C57B3}
		{D49B4A1C-A859-4CFC-B303-D5A9E452CA17} = {0DFBD73B-A3D7-43E4-92A8-6C5C304C57B3}
		{69A0BD61-28B8-4920-AB5E-1D10D44DF85B} = {0DFBD73B-A3D7-43E4-92A8-6C5C304C57B3}
	EndGlobalSection
	GlobalSection(ProjectConfigurationPlatforms) = postSolution
		{DE17C49C-E43B-4259-A96A-F81A68342C17}.Debug|Any CPU.ActiveCfg = Debug|Any CPU
		{DE17C49C-E43B-4259-A96A-F81A68342C17}.Debug|Any CPU.Build.0 = Debug|Any CPU
		{DE17C49C-E43B-4259-A96A-F81A68342C17}.Release|Any CPU.ActiveCfg = Release|Any CPU
		{DE17C49C-E43B-4259-A96A-F81A68342C17}.Release|Any CPU.Build.0 = Release|Any CPU
		{D22C7C9D-6A5A-4DCE-B136-32D494DC7F7C}.Debug|Any CPU.ActiveCfg = Debug|Any CPU
		{D22C7C9D-6A5A-4DCE-B136-32D494DC7F7C}.Debug|Any CPU.Build.0 = Debug|Any CPU
		{D22C7C9D-6A5A-4DCE-B136-32D494DC7F7C}.Release|Any CPU.ActiveCfg = Release|Any CPU
		{D22C7C9D-6A5A-4DCE-B136-32D494DC7F7C}.Release|Any CPU.Build.0 = Release|Any CPU
		{690BA6A2-7324-424A-990E-FF4ED4E97131}.Debug|Any CPU.ActiveCfg = Debug|Any CPU
		{690BA6A2-7324-424A-990E-FF4ED4E97131}.Debug|Any CPU.Build.0 = Debug|Any CPU
		{690BA6A2-7324-424A-990E-FF4ED4E97131}.Release|Any CPU.ActiveCfg = Release|Any CPU
		{690BA6A2-7324-424A-990E-FF4ED4E97131}.Release|Any CPU.Build.0 = Release|Any CPU
		{2B6314E6-FFDE-4432-97B2-A68C7E5FA4B8}.Debug|Any CPU.ActiveCfg = Debug|Any CPU
		{2B6314E6-FFDE-4432-97B2-A68C7E5FA4B8}.Debug|Any CPU.Build.0 = Debug|Any CPU
		{2B6314E6-FFDE-4432-97B2-A68C7E5FA4B8}.Release|Any CPU.ActiveCfg = Release|Any CPU
		{2B6314E6-FFDE-4432-97B2-A68C7E5FA4B8}.Release|Any CPU.Build.0 = Release|Any CPU
		{E9931307-A625-4FA0-83BE-899BA2392417}.Debug|Any CPU.ActiveCfg = Debug|Any CPU
		{E9931307-A625-4FA0-83BE-899BA2392417}.Debug|Any CPU.Build.0 = Debug|Any CPU
		{E9931307-A625-4FA0-83BE-899BA2392417}.Release|Any CPU.ActiveCfg = Release|Any CPU
		{E9931307-A625-4FA0-83BE-899BA2392417}.Release|Any CPU.Build.0 = Release|Any CPU
	EndGlobalSection
EndGlobal
