
Microsoft Visual Studio Solution File, Format Version 12.00
# Visual Studio Version 16
VisualStudioVersion = 16.0.30114.105
MinimumVisualStudioVersion = 10.0.40219.1
Project("{2150E333-8FDC-42A3-9474-1A3956D46DE8}") = "src", "src", "{0DFBD73B-A3D7-43E4-92A8-6C5C304C57B3}"
EndProject
Project("{2150E333-8FDC-42A3-9474-1A3956D46DE8}") = "Core", "Core", "{69A0BD61-28B8-4920-AB5E-1D10D44DF85B}"
EndProject
Project("{2150E333-8FDC-42A3-9474-1A3956D46DE8}") = "Test", "Test", "{59904D6D-78EE-4EC7-8499-D55F7C710AD2}"
EndProject
Project("{2150E333-8FDC-42A3-9474-1A3956D46DE8}") = "Presentation", "Presentation", "{621E123A-97B5-40B4-B8DB-D79F5ECF9A7B}"
EndProject
Project("{FAE04EC0-301F-11D3-BF4B-00C04F79EFBC}") = "Domain", "Domain\Domain.csproj", "{DE17C49C-E43B-4259-A96A-F81A68342C17}"
EndProject
Project("{FAE04EC0-301F-11D3-BF4B-00C04F79EFBC}") = "Application", "Application\Application.csproj", "{D22C7C9D-6A5A-4DCE-B136-32D494DC7F7C}"
EndProject
Project("{FAE04EC0-301F-11D3-BF4B-00C04F79EFBC}") = "WebApi", "WebApi\WebApi.csproj", "{E9931307-A625-4FA0-83BE-899BA2392417}"
EndProject
Project("{2150E333-8FDC-42A3-9474-1A3956D46DE8}") = "Infrastructure", "Infrastructure", "{098BAB86-B7A6-468B-AD43-68B37E6A9D78}"
EndProject
Project("{FAE04EC0-301F-11D3-BF4B-00C04F79EFBC}") = "Gateway", "Gateway\Gateway.csproj", "{AB9F38C0-79A6-43E9-962A-263EC6A3564E}"
EndProject
Project("{FAE04EC0-301F-11D3-BF4B-00C04F79EFBC}") = "IOC", "IOC\IOC.csproj", "{95478398-82B4-4E85-A4D5-00EBEB7EFF4F}"
EndProject
Project("{FAE04EC0-301F-11D3-BF4B-00C04F79EFBC}") = "Persistence", "Persistence\Persistence.csproj", "{E2062FFD-2B84-45BE-9758-14F44A171BA5}"
EndProject
Global
	GlobalSection(SolutionConfigurationPlatforms) = preSolution
		Debug|Any CPU = Debug|Any CPU
		Release|Any CPU = Release|Any CPU
	EndGlobalSection
	GlobalSection(SolutionProperties) = preSolution
		HideSolutionNode = FALSE
	EndGlobalSection
	GlobalSection(NestedProjects) = preSolution
		{E2062FFD-2B84-45BE-9758-14F44A171BA5} = {098BAB86-B7A6-468B-AD43-68B37E6A9D78}
		{AB9F38C0-79A6-43E9-962A-263EC6A3564E} = {098BAB86-B7A6-468B-AD43-68B37E6A9D78}
		{95478398-82B4-4E85-A4D5-00EBEB7EFF4F} = {098BAB86-B7A6-468B-AD43-68B37E6A9D78}
		{098BAB86-B7A6-468B-AD43-68B37E6A9D78} = {0DFBD73B-A3D7-43E4-92A8-6C5C304C57B3}
		{E9931307-A625-4FA0-83BE-899BA2392417} = {621E123A-97B5-40B4-B8DB-D79F5ECF9A7B}
		{D22C7C9D-6A5A-4DCE-B136-32D494DC7F7C} = {69A0BD61-28B8-4920-AB5E-1D10D44DF85B}
		{DE17C49C-E43B-4259-A96A-F81A68342C17} = {69A0BD61-28B8-4920-AB5E-1D10D44DF85B}
		{621E123A-97B5-40B4-B8DB-D79F5ECF9A7B} = {0DFBD73B-A3D7-43E4-92A8-6C5C304C57B3}
		{59904D6D-78EE-4EC7-8499-D55F7C710AD2} = {0DFBD73B-A3D7-43E4-92A8-6C5C304C57B3}
		{69A0BD61-28B8-4920-AB5E-1D10D44DF85B} = {0DFBD73B-A3D7-43E4-92A8-6C5C304C57B3}
	EndGlobalSection
	GlobalSection(ProjectConfigurationPlatforms) = postSolution
		{DE17C49C-E43B-4259-A96A-F81A68342C17}.Debug|Any CPU.ActiveCfg = Debug|Any CPU
		{DE17C49C-E43B-4259-A96A-F81A68342C17}.Debug|Any CPU.Build.0 = Debug|Any CPU
		{DE17C49C-E43B-4259-A96A-F81A68342C17}.Release|Any CPU.ActiveCfg = Release|Any CPU
		{DE17C49C-E43B-4259-A96A-F81A68342C17}.Release|Any CPU.Build.0 = Release|Any CPU
		{D22C7C9D-6A5A-4DCE-B136-32D494DC7F7C}.Debug|Any CPU.ActiveCfg = Debug|Any CPU
		{D22C7C9D-6A5A-4DCE-B136-32D494DC7F7C}.Debug|Any CPU.Build.0 = Debug|Any CPU
		{D22C7C9D-6A5A-4DCE-B136-32D494DC7F7C}.Release|Any CPU.ActiveCfg = Release|Any CPU
		{D22C7C9D-6A5A-4DCE-B136-32D494DC7F7C}.Release|Any CPU.Build.0 = Release|Any CPU
		{E9931307-A625-4FA0-83BE-899BA2392417}.Debug|Any CPU.ActiveCfg = Debug|Any CPU
		{E9931307-A625-4FA0-83BE-899BA2392417}.Debug|Any CPU.Build.0 = Debug|Any CPU
		{E9931307-A625-4FA0-83BE-899BA2392417}.Release|Any CPU.ActiveCfg = Release|Any CPU
		{E9931307-A625-4FA0-83BE-899BA2392417}.Release|Any CPU.Build.0 = Release|Any CPU
		{AB9F38C0-79A6-43E9-962A-263EC6A3564E}.Debug|Any CPU.ActiveCfg = Debug|Any CPU
		{AB9F38C0-79A6-43E9-962A-263EC6A3564E}.Debug|Any CPU.Build.0 = Debug|Any CPU
		{AB9F38C0-79A6-43E9-962A-263EC6A3564E}.Release|Any CPU.ActiveCfg = Release|Any CPU
		{AB9F38C0-79A6-43E9-962A-263EC6A3564E}.Release|Any CPU.Build.0 = Release|Any CPU
		{95478398-82B4-4E85-A4D5-00EBEB7EFF4F}.Debug|Any CPU.ActiveCfg = Debug|Any CPU
		{95478398-82B4-4E85-A4D5-00EBEB7EFF4F}.Debug|Any CPU.Build.0 = Debug|Any CPU
		{95478398-82B4-4E85-A4D5-00EBEB7EFF4F}.Release|Any CPU.ActiveCfg = Release|Any CPU
		{95478398-82B4-4E85-A4D5-00EBEB7EFF4F}.Release|Any CPU.Build.0 = Release|Any CPU
		{E2062FFD-2B84-45BE-9758-14F44A171BA5}.Debug|Any CPU.ActiveCfg = Debug|Any CPU
		{E2062FFD-2B84-45BE-9758-14F44A171BA5}.Debug|Any CPU.Build.0 = Debug|Any CPU
		{E2062FFD-2B84-45BE-9758-14F44A171BA5}.Release|Any CPU.ActiveCfg = Release|Any CPU
		{E2062FFD-2B84-45BE-9758-14F44A171BA5}.Release|Any CPU.Build.0 = Release|Any CPU
	EndGlobalSection
EndGlobal
